
Microsoft Visual Studio Solution File, Format Version 12.00
# Visual Studio Version 16
VisualStudioVersion = 16.0.29025.244
MinimumVisualStudioVersion = 10.0.40219.1
Project("{9A19103F-16F7-4668-BE54-9A1E7A4F7556}") = "Skynet.Server", "src\Skynet.Server\Skynet.Server.csproj", "{620C499C-81DA-48E6-ADB9-C9DC78CF8078}"
EndProject
Project("{2150E333-8FDC-42A3-9474-1A3956D46DE8}") = "src", "src", "{AF56B7E7-849C-43B1-92B5-6753710BB539}"
EndProject
Project("{2150E333-8FDC-42A3-9474-1A3956D46DE8}") = "_", "_", "{B8633C65-A5ED-42CA-80C6-8C8DBECF0FA0}"
	ProjectSection(SolutionItems) = preProject
		.editorconfig = .editorconfig
		azure-pipelines.yml = azure-pipelines.yml
		nuget.config = nuget.config
		README.md = README.md
	EndProjectSection
EndProject
Project("{9A19103F-16F7-4668-BE54-9A1E7A4F7556}") = "Skynet.Server.Shared", "src\Skynet.Server.Shared\Skynet.Server.Shared.csproj", "{A1E7C0A1-ECAB-4D42-94BC-5054CDC7F7A4}"
EndProject
Project("{9A19103F-16F7-4668-BE54-9A1E7A4F7556}") = "Skynet.Server.Web", "src\Skynet.Server.Web\Skynet.Server.Web.csproj", "{320D2430-F663-46FE-8108-E2F2AE51A25B}"
EndProject
Project("{2150E333-8FDC-42A3-9474-1A3956D46DE8}") = "docs", "docs", "{851FCDD1-B64A-4BEC-AA13-00AFCAF2C3F3}"
	ProjectSection(SolutionItems) = preProject
		docs\README.md = docs\README.md
	EndProjectSection
EndProject
Project("{2150E333-8FDC-42A3-9474-1A3956D46DE8}") = "tools", "tools", "{267569CE-CC4E-49D5-ACDA-C8287418F1E3}"
	ProjectSection(SolutionItems) = preProject
		tools\database.ps1 = tools\database.ps1
		tools\skynet.bat = tools\skynet.bat
	EndProjectSection
EndProject
Project("{2150E333-8FDC-42A3-9474-1A3956D46DE8}") = "tests", "tests", "{3252B458-BDDD-4BD8-9277-BD253264D4BC}"
EndProject
Project("{9A19103F-16F7-4668-BE54-9A1E7A4F7556}") = "Skynet.Server.Shared.Tests", "tests\Skynet.Server.Shared.Tests\Skynet.Server.Shared.Tests.csproj", "{8C5F66CA-EEE8-4223-AE44-601B076CC167}"
EndProject
Project("{2150E333-8FDC-42A3-9474-1A3956D46DE8}") = "docker", "docker", "{8C2BDEEF-6F6A-46F0-B8DA-75683A88C042}"
	ProjectSection(SolutionItems) = preProject
		docker\docker-compose.yml = docker\docker-compose.yml
		docker\core\Dockerfile = docker\core\Dockerfile
		docker\web\Dockerfile = docker\web\Dockerfile
	EndProjectSection
EndProject
Project("{9A19103F-16F7-4668-BE54-9A1E7A4F7556}") = "Skynet.Server.Tests", "tests\Skynet.Server.Tests\Skynet.Server.Tests.csproj", "{159E952E-2E4A-45C3-936F-576FB5E1EF52}"
EndProject
Project("{9A19103F-16F7-4668-BE54-9A1E7A4F7556}") = "Skynet.Server.Database.Tests", "tests\Skynet.Server.Database.Tests\Skynet.Server.Database.Tests.csproj", "{FEEE3886-3C54-4F2C-B695-55C9F850EB9E}"
EndProject
Global
	GlobalSection(SolutionConfigurationPlatforms) = preSolution
		Debug|Any CPU = Debug|Any CPU
		Release|Any CPU = Release|Any CPU
	EndGlobalSection
	GlobalSection(ProjectConfigurationPlatforms) = postSolution
		{620C499C-81DA-48E6-ADB9-C9DC78CF8078}.Debug|Any CPU.ActiveCfg = Debug|Any CPU
		{620C499C-81DA-48E6-ADB9-C9DC78CF8078}.Debug|Any CPU.Build.0 = Debug|Any CPU
		{620C499C-81DA-48E6-ADB9-C9DC78CF8078}.Release|Any CPU.ActiveCfg = Release|Any CPU
		{620C499C-81DA-48E6-ADB9-C9DC78CF8078}.Release|Any CPU.Build.0 = Release|Any CPU
		{A1E7C0A1-ECAB-4D42-94BC-5054CDC7F7A4}.Debug|Any CPU.ActiveCfg = Debug|Any CPU
		{A1E7C0A1-ECAB-4D42-94BC-5054CDC7F7A4}.Debug|Any CPU.Build.0 = Debug|Any CPU
		{A1E7C0A1-ECAB-4D42-94BC-5054CDC7F7A4}.Release|Any CPU.ActiveCfg = Release|Any CPU
		{A1E7C0A1-ECAB-4D42-94BC-5054CDC7F7A4}.Release|Any CPU.Build.0 = Release|Any CPU
		{320D2430-F663-46FE-8108-E2F2AE51A25B}.Debug|Any CPU.ActiveCfg = Debug|Any CPU
		{320D2430-F663-46FE-8108-E2F2AE51A25B}.Debug|Any CPU.Build.0 = Debug|Any CPU
		{320D2430-F663-46FE-8108-E2F2AE51A25B}.Release|Any CPU.ActiveCfg = Release|Any CPU
		{320D2430-F663-46FE-8108-E2F2AE51A25B}.Release|Any CPU.Build.0 = Release|Any CPU
		{8C5F66CA-EEE8-4223-AE44-601B076CC167}.Debug|Any CPU.ActiveCfg = Debug|Any CPU
		{8C5F66CA-EEE8-4223-AE44-601B076CC167}.Debug|Any CPU.Build.0 = Debug|Any CPU
		{8C5F66CA-EEE8-4223-AE44-601B076CC167}.Release|Any CPU.ActiveCfg = Release|Any CPU
		{8C5F66CA-EEE8-4223-AE44-601B076CC167}.Release|Any CPU.Build.0 = Release|Any CPU
		{159E952E-2E4A-45C3-936F-576FB5E1EF52}.Debug|Any CPU.ActiveCfg = Debug|Any CPU
		{159E952E-2E4A-45C3-936F-576FB5E1EF52}.Debug|Any CPU.Build.0 = Debug|Any CPU
		{159E952E-2E4A-45C3-936F-576FB5E1EF52}.Release|Any CPU.ActiveCfg = Release|Any CPU
		{159E952E-2E4A-45C3-936F-576FB5E1EF52}.Release|Any CPU.Build.0 = Release|Any CPU
		{FEEE3886-3C54-4F2C-B695-55C9F850EB9E}.Debug|Any CPU.ActiveCfg = Debug|Any CPU
		{FEEE3886-3C54-4F2C-B695-55C9F850EB9E}.Debug|Any CPU.Build.0 = Debug|Any CPU
		{FEEE3886-3C54-4F2C-B695-55C9F850EB9E}.Release|Any CPU.ActiveCfg = Release|Any CPU
		{FEEE3886-3C54-4F2C-B695-55C9F850EB9E}.Release|Any CPU.Build.0 = Release|Any CPU
	EndGlobalSection
	GlobalSection(SolutionProperties) = preSolution
		HideSolutionNode = FALSE
	EndGlobalSection
	GlobalSection(NestedProjects) = preSolution
		{620C499C-81DA-48E6-ADB9-C9DC78CF8078} = {AF56B7E7-849C-43B1-92B5-6753710BB539}
		{A1E7C0A1-ECAB-4D42-94BC-5054CDC7F7A4} = {AF56B7E7-849C-43B1-92B5-6753710BB539}
		{320D2430-F663-46FE-8108-E2F2AE51A25B} = {AF56B7E7-849C-43B1-92B5-6753710BB539}
		{8C5F66CA-EEE8-4223-AE44-601B076CC167} = {3252B458-BDDD-4BD8-9277-BD253264D4BC}
		{159E952E-2E4A-45C3-936F-576FB5E1EF52} = {3252B458-BDDD-4BD8-9277-BD253264D4BC}
		{FEEE3886-3C54-4F2C-B695-55C9F850EB9E} = {3252B458-BDDD-4BD8-9277-BD253264D4BC}
	EndGlobalSection
	GlobalSection(ExtensibilityGlobals) = postSolution
		SolutionGuid = {CCD70523-67AD-4A9B-BAF1-4BDA67255B27}
	EndGlobalSection
EndGlobal
