
Microsoft Visual Studio Solution File, Format Version 12.00
# Visual Studio 15
VisualStudioVersion = 15.0.28010.2048
MinimumVisualStudioVersion = 10.0.40219.1
Project("{9A19103F-16F7-4668-BE54-9A1E7A4F7556}") = "SkynetServer", "src\SkynetServer\SkynetServer.csproj", "{620C499C-81DA-48E6-ADB9-C9DC78CF8078}"
EndProject
Project("{2150E333-8FDC-42A3-9474-1A3956D46DE8}") = "src", "src", "{AF56B7E7-849C-43B1-92B5-6753710BB539}"
EndProject
Project("{2150E333-8FDC-42A3-9474-1A3956D46DE8}") = "_", "_", "{B8633C65-A5ED-42CA-80C6-8C8DBECF0FA0}"
	ProjectSection(SolutionItems) = preProject
		NuGet.config = NuGet.config
	EndProjectSection
EndProject
Global
	GlobalSection(SolutionConfigurationPlatforms) = preSolution
		Debug|Any CPU = Debug|Any CPU
		Release|Any CPU = Release|Any CPU
	EndGlobalSection
	GlobalSection(ProjectConfigurationPlatforms) = postSolution
		{620C499C-81DA-48E6-ADB9-C9DC78CF8078}.Debug|Any CPU.ActiveCfg = Debug|Any CPU
		{620C499C-81DA-48E6-ADB9-C9DC78CF8078}.Debug|Any CPU.Build.0 = Debug|Any CPU
		{620C499C-81DA-48E6-ADB9-C9DC78CF8078}.Release|Any CPU.ActiveCfg = Release|Any CPU
		{620C499C-81DA-48E6-ADB9-C9DC78CF8078}.Release|Any CPU.Build.0 = Release|Any CPU
	EndGlobalSection
	GlobalSection(SolutionProperties) = preSolution
		HideSolutionNode = FALSE
	EndGlobalSection
	GlobalSection(NestedProjects) = preSolution
		{620C499C-81DA-48E6-ADB9-C9DC78CF8078} = {AF56B7E7-849C-43B1-92B5-6753710BB539}
	EndGlobalSection
	GlobalSection(ExtensibilityGlobals) = postSolution
		SolutionGuid = {CCD70523-67AD-4A9B-BAF1-4BDA67255B27}
	EndGlobalSection
EndGlobal
